// !$*UTF8*$!
{
	archiveVersion = 1;
	classes = {
	};
	objectVersion = 51;
	objects = {

/* Begin PBXBuildFile section */
		53455E5C231261A200C73ED9 /* MovieInfoCell.swift in Sources */ = {isa = PBXBuildFile; fileRef = 53455E5A231261A200C73ED9 /* MovieInfoCell.swift */; };
		53455E5D231261A200C73ED9 /* MovieInfoCell.xib in Resources */ = {isa = PBXBuildFile; fileRef = 53455E5B231261A200C73ED9 /* MovieInfoCell.xib */; };
		5371D5FA231195B500BF57D3 /* AppDelegate.swift in Sources */ = {isa = PBXBuildFile; fileRef = 5371D5F9231195B500BF57D3 /* AppDelegate.swift */; };
		5371D5FC231195B500BF57D3 /* MainViewController.swift in Sources */ = {isa = PBXBuildFile; fileRef = 5371D5FB231195B500BF57D3 /* MainViewController.swift */; };
		5371D5FF231195B500BF57D3 /* Main.storyboard in Resources */ = {isa = PBXBuildFile; fileRef = 5371D5FD231195B500BF57D3 /* Main.storyboard */; };
		5371D601231195B700BF57D3 /* Assets.xcassets in Resources */ = {isa = PBXBuildFile; fileRef = 5371D600231195B700BF57D3 /* Assets.xcassets */; };
		5371D604231195B700BF57D3 /* LaunchScreen.storyboard in Resources */ = {isa = PBXBuildFile; fileRef = 5371D602231195B700BF57D3 /* LaunchScreen.storyboard */; };
		5371D6102311A0DC00BF57D3 /* MovieListViewController.swift in Sources */ = {isa = PBXBuildFile; fileRef = 5371D60F2311A0DC00BF57D3 /* MovieListViewController.swift */; };
		5371D6122311A0E800BF57D3 /* MovieDetailViewController.swift in Sources */ = {isa = PBXBuildFile; fileRef = 5371D6112311A0E800BF57D3 /* MovieDetailViewController.swift */; };
		53C3B2242311A3F800979BB3 /* NetworkManager.swift in Sources */ = {isa = PBXBuildFile; fileRef = 53C3B2232311A3F800979BB3 /* NetworkManager.swift */; };
		53C3B2272311A4EA00979BB3 /* Secret.swift in Sources */ = {isa = PBXBuildFile; fileRef = 53C3B2262311A4EA00979BB3 /* Secret.swift */; };
		53C3B22A2311A66D00979BB3 /* MovieRequest.swift in Sources */ = {isa = PBXBuildFile; fileRef = 53C3B2292311A66D00979BB3 /* MovieRequest.swift */; };
		53C3B22C2311A67A00979BB3 /* MovieResponse.swift in Sources */ = {isa = PBXBuildFile; fileRef = 53C3B22B2311A67A00979BB3 /* MovieResponse.swift */; };
		53C3B22F2311A88100979BB3 /* Codable+Extension.swift in Sources */ = {isa = PBXBuildFile; fileRef = 53C3B22E2311A88100979BB3 /* Codable+Extension.swift */; };
		8A0F28863757D15AEA881A4C /* Pods_iOS_Assignment.framework in Frameworks */ = {isa = PBXBuildFile; fileRef = C94FDEDD5535AFFD1E8AA54B /* Pods_iOS_Assignment.framework */; };
/* End PBXBuildFile section */

/* Begin PBXFileReference section */
		4C044D25DA81FA60B809DE19 /* Pods-iOS_Assignment.debug.xcconfig */ = {isa = PBXFileReference; includeInIndex = 1; lastKnownFileType = text.xcconfig; name = "Pods-iOS_Assignment.debug.xcconfig"; path = "Target Support Files/Pods-iOS_Assignment/Pods-iOS_Assignment.debug.xcconfig"; sourceTree = "<group>"; };
		53455E5A231261A200C73ED9 /* MovieInfoCell.swift */ = {isa = PBXFileReference; lastKnownFileType = sourcecode.swift; path = MovieInfoCell.swift; sourceTree = "<group>"; };
		53455E5B231261A200C73ED9 /* MovieInfoCell.xib */ = {isa = PBXFileReference; lastKnownFileType = file.xib; path = MovieInfoCell.xib; sourceTree = "<group>"; };
		5371D5F6231195B500BF57D3 /* iOS_Assignment.app */ = {isa = PBXFileReference; explicitFileType = wrapper.application; includeInIndex = 0; path = iOS_Assignment.app; sourceTree = BUILT_PRODUCTS_DIR; };
		5371D5F9231195B500BF57D3 /* AppDelegate.swift */ = {isa = PBXFileReference; lastKnownFileType = sourcecode.swift; path = AppDelegate.swift; sourceTree = "<group>"; };
		5371D5FB231195B500BF57D3 /* MainViewController.swift */ = {isa = PBXFileReference; lastKnownFileType = sourcecode.swift; path = MainViewController.swift; sourceTree = "<group>"; };
		5371D5FE231195B500BF57D3 /* Base */ = {isa = PBXFileReference; lastKnownFileType = file.storyboard; name = Base; path = Base.lproj/Main.storyboard; sourceTree = "<group>"; };
		5371D600231195B700BF57D3 /* Assets.xcassets */ = {isa = PBXFileReference; lastKnownFileType = folder.assetcatalog; path = Assets.xcassets; sourceTree = "<group>"; };
		5371D603231195B700BF57D3 /* Base */ = {isa = PBXFileReference; lastKnownFileType = file.storyboard; name = Base; path = Base.lproj/LaunchScreen.storyboard; sourceTree = "<group>"; };
		5371D605231195B700BF57D3 /* Info.plist */ = {isa = PBXFileReference; lastKnownFileType = text.plist.xml; path = Info.plist; sourceTree = "<group>"; };
		5371D60F2311A0DC00BF57D3 /* MovieListViewController.swift */ = {isa = PBXFileReference; lastKnownFileType = sourcecode.swift; path = MovieListViewController.swift; sourceTree = "<group>"; };
		5371D6112311A0E800BF57D3 /* MovieDetailViewController.swift */ = {isa = PBXFileReference; lastKnownFileType = sourcecode.swift; path = MovieDetailViewController.swift; sourceTree = "<group>"; };
		53C3B2232311A3F800979BB3 /* NetworkManager.swift */ = {isa = PBXFileReference; lastKnownFileType = sourcecode.swift; path = NetworkManager.swift; sourceTree = "<group>"; };
		53C3B2262311A4EA00979BB3 /* Secret.swift */ = {isa = PBXFileReference; lastKnownFileType = sourcecode.swift; path = Secret.swift; sourceTree = "<group>"; };
		53C3B2292311A66D00979BB3 /* MovieRequest.swift */ = {isa = PBXFileReference; lastKnownFileType = sourcecode.swift; path = MovieRequest.swift; sourceTree = "<group>"; };
		53C3B22B2311A67A00979BB3 /* MovieResponse.swift */ = {isa = PBXFileReference; lastKnownFileType = sourcecode.swift; path = MovieResponse.swift; sourceTree = "<group>"; };
		53C3B22E2311A88100979BB3 /* Codable+Extension.swift */ = {isa = PBXFileReference; lastKnownFileType = sourcecode.swift; path = "Codable+Extension.swift"; sourceTree = "<group>"; };
		8E287ADF5EC6D92FD248C2B1 /* Pods-iOS_Assignment.release.xcconfig */ = {isa = PBXFileReference; includeInIndex = 1; lastKnownFileType = text.xcconfig; name = "Pods-iOS_Assignment.release.xcconfig"; path = "Target Support Files/Pods-iOS_Assignment/Pods-iOS_Assignment.release.xcconfig"; sourceTree = "<group>"; };
		C94FDEDD5535AFFD1E8AA54B /* Pods_iOS_Assignment.framework */ = {isa = PBXFileReference; explicitFileType = wrapper.framework; includeInIndex = 0; path = Pods_iOS_Assignment.framework; sourceTree = BUILT_PRODUCTS_DIR; };
/* End PBXFileReference section */

/* Begin PBXFrameworksBuildPhase section */
		5371D5F3231195B500BF57D3 /* Frameworks */ = {
			isa = PBXFrameworksBuildPhase;
			buildActionMask = 2147483647;
			files = (
				8A0F28863757D15AEA881A4C /* Pods_iOS_Assignment.framework in Frameworks */,
			);
			runOnlyForDeploymentPostprocessing = 0;
		};
/* End PBXFrameworksBuildPhase section */

/* Begin PBXGroup section */
		411B05A72B838D9F4A0FF258 /* Pods */ = {
			isa = PBXGroup;
			children = (
				4C044D25DA81FA60B809DE19 /* Pods-iOS_Assignment.debug.xcconfig */,
				8E287ADF5EC6D92FD248C2B1 /* Pods-iOS_Assignment.release.xcconfig */,
			);
			path = Pods;
			sourceTree = "<group>";
		};
		53455E592312616F00C73ED9 /* Controller */ = {
			isa = PBXGroup;
			children = (
				5371D5FB231195B500BF57D3 /* MainViewController.swift */,
				5371D60F2311A0DC00BF57D3 /* MovieListViewController.swift */,
				5371D6112311A0E800BF57D3 /* MovieDetailViewController.swift */,
			);
			path = Controller;
			sourceTree = "<group>";
		};
		5371D5ED231195B500BF57D3 = {
			isa = PBXGroup;
			children = (
				5371D5F8231195B500BF57D3 /* iOS_Assignment */,
				5371D5F7231195B500BF57D3 /* Products */,
				411B05A72B838D9F4A0FF258 /* Pods */,
				FA0E633EC372AB1F661F993B /* Frameworks */,
			);
			sourceTree = "<group>";
		};
		5371D5F7231195B500BF57D3 /* Products */ = {
			isa = PBXGroup;
			children = (
				5371D5F6231195B500BF57D3 /* iOS_Assignment.app */,
			);
			name = Products;
			sourceTree = "<group>";
		};
		5371D5F8231195B500BF57D3 /* iOS_Assignment */ = {
			isa = PBXGroup;
			children = (
				53C3B22D2311A86D00979BB3 /* Extension */,
				53C3B2252311A4D900979BB3 /* Core */,
				5371D60D23119CEE00BF57D3 /* Network */,
				53C3B2282311A64E00979BB3 /* Model */,
				5371D60E23119F3300BF57D3 /* View */,
				53455E592312616F00C73ED9 /* Controller */,
				5371D5F9231195B500BF57D3 /* AppDelegate.swift */,
				5371D5FD231195B500BF57D3 /* Main.storyboard */,
				5371D600231195B700BF57D3 /* Assets.xcassets */,
				5371D602231195B700BF57D3 /* LaunchScreen.storyboard */,
				5371D605231195B700BF57D3 /* Info.plist */,
			);
			path = iOS_Assignment;
			sourceTree = "<group>";
		};
		5371D60D23119CEE00BF57D3 /* Network */ = {
			isa = PBXGroup;
			children = (
				53C3B2232311A3F800979BB3 /* NetworkManager.swift */,
			);
			path = Network;
			sourceTree = "<group>";
		};
		5371D60E23119F3300BF57D3 /* View */ = {
			isa = PBXGroup;
			children = (
				53455E5A231261A200C73ED9 /* MovieInfoCell.swift */,
				53455E5B231261A200C73ED9 /* MovieInfoCell.xib */,
			);
			path = View;
			sourceTree = "<group>";
		};
		53C3B2252311A4D900979BB3 /* Core */ = {
			isa = PBXGroup;
			children = (
				53C3B2262311A4EA00979BB3 /* Secret.swift */,
			);
			path = Core;
			sourceTree = "<group>";
		};
		53C3B2282311A64E00979BB3 /* Model */ = {
			isa = PBXGroup;
			children = (
				53C3B2292311A66D00979BB3 /* MovieRequest.swift */,
				53C3B22B2311A67A00979BB3 /* MovieResponse.swift */,
			);
			path = Model;
			sourceTree = "<group>";
		};
		53C3B22D2311A86D00979BB3 /* Extension */ = {
			isa = PBXGroup;
			children = (
				53C3B22E2311A88100979BB3 /* Codable+Extension.swift */,
			);
			path = Extension;
			sourceTree = "<group>";
		};
		FA0E633EC372AB1F661F993B /* Frameworks */ = {
			isa = PBXGroup;
			children = (
				C94FDEDD5535AFFD1E8AA54B /* Pods_iOS_Assignment.framework */,
			);
			name = Frameworks;
			sourceTree = "<group>";
		};
/* End PBXGroup section */

/* Begin PBXNativeTarget section */
		5371D5F5231195B500BF57D3 /* iOS_Assignment */ = {
			isa = PBXNativeTarget;
			buildConfigurationList = 5371D608231195B700BF57D3 /* Build configuration list for PBXNativeTarget "iOS_Assignment" */;
			buildPhases = (
				42532064F1CA4EDF8FECA3F8 /* [CP] Check Pods Manifest.lock */,
				5371D5F2231195B500BF57D3 /* Sources */,
				5371D5F3231195B500BF57D3 /* Frameworks */,
				5371D5F4231195B500BF57D3 /* Resources */,
				88DDBF173223B14FAEC47BA5 /* [CP] Embed Pods Frameworks */,
			);
			buildRules = (
			);
			dependencies = (
			);
			name = iOS_Assignment;
			productName = iOS_Assignment;
			productReference = 5371D5F6231195B500BF57D3 /* iOS_Assignment.app */;
			productType = "com.apple.product-type.application";
		};
/* End PBXNativeTarget section */

/* Begin PBXProject section */
		5371D5EE231195B500BF57D3 /* Project object */ = {
			isa = PBXProject;
			attributes = {
				LastSwiftUpdateCheck = 1030;
				LastUpgradeCheck = 1030;
				ORGANIZATIONNAME = "Harry Kim";
				TargetAttributes = {
					5371D5F5231195B500BF57D3 = {
						CreatedOnToolsVersion = 10.3;
					};
				};
			};
			buildConfigurationList = 5371D5F1231195B500BF57D3 /* Build configuration list for PBXProject "iOS_Assignment" */;
			compatibilityVersion = "Xcode 9.3";
			developmentRegion = en;
			hasScannedForEncodings = 0;
			knownRegions = (
				en,
				Base,
			);
			mainGroup = 5371D5ED231195B500BF57D3;
			productRefGroup = 5371D5F7231195B500BF57D3 /* Products */;
			projectDirPath = "";
			projectRoot = "";
			targets = (
				5371D5F5231195B500BF57D3 /* iOS_Assignment */,
			);
		};
/* End PBXProject section */

/* Begin PBXResourcesBuildPhase section */
		5371D5F4231195B500BF57D3 /* Resources */ = {
			isa = PBXResourcesBuildPhase;
			buildActionMask = 2147483647;
			files = (
				5371D604231195B700BF57D3 /* LaunchScreen.storyboard in Resources */,
				5371D601231195B700BF57D3 /* Assets.xcassets in Resources */,
				53455E5D231261A200C73ED9 /* MovieInfoCell.xib in Resources */,
				5371D5FF231195B500BF57D3 /* Main.storyboard in Resources */,
			);
			runOnlyForDeploymentPostprocessing = 0;
		};
/* End PBXResourcesBuildPhase section */

/* Begin PBXShellScriptBuildPhase section */
		42532064F1CA4EDF8FECA3F8 /* [CP] Check Pods Manifest.lock */ = {
			isa = PBXShellScriptBuildPhase;
			buildActionMask = 2147483647;
			files = (
			);
			inputFileListPaths = (
			);
			inputPaths = (
				"${PODS_PODFILE_DIR_PATH}/Podfile.lock",
				"${PODS_ROOT}/Manifest.lock",
			);
			name = "[CP] Check Pods Manifest.lock";
			outputFileListPaths = (
			);
			outputPaths = (
				"$(DERIVED_FILE_DIR)/Pods-iOS_Assignment-checkManifestLockResult.txt",
			);
			runOnlyForDeploymentPostprocessing = 0;
			shellPath = /bin/sh;
			shellScript = "diff \"${PODS_PODFILE_DIR_PATH}/Podfile.lock\" \"${PODS_ROOT}/Manifest.lock\" > /dev/null\nif [ $? != 0 ] ; then\n    # print error to STDERR\n    echo \"error: The sandbox is not in sync with the Podfile.lock. Run 'pod install' or update your CocoaPods installation.\" >&2\n    exit 1\nfi\n# This output is used by Xcode 'outputs' to avoid re-running this script phase.\necho \"SUCCESS\" > \"${SCRIPT_OUTPUT_FILE_0}\"\n";
			showEnvVarsInLog = 0;
		};
		88DDBF173223B14FAEC47BA5 /* [CP] Embed Pods Frameworks */ = {
			isa = PBXShellScriptBuildPhase;
			buildActionMask = 2147483647;
			files = (
			);
			inputFileListPaths = (
				"${PODS_ROOT}/Target Support Files/Pods-iOS_Assignment/Pods-iOS_Assignment-frameworks-${CONFIGURATION}-input-files.xcfilelist",
			);
			name = "[CP] Embed Pods Frameworks";
			outputFileListPaths = (
				"${PODS_ROOT}/Target Support Files/Pods-iOS_Assignment/Pods-iOS_Assignment-frameworks-${CONFIGURATION}-output-files.xcfilelist",
			);
			runOnlyForDeploymentPostprocessing = 0;
			shellPath = /bin/sh;
			shellScript = "\"${PODS_ROOT}/Target Support Files/Pods-iOS_Assignment/Pods-iOS_Assignment-frameworks.sh\"\n";
			showEnvVarsInLog = 0;
		};
/* End PBXShellScriptBuildPhase section */

/* Begin PBXSourcesBuildPhase section */
		5371D5F2231195B500BF57D3 /* Sources */ = {
			isa = PBXSourcesBuildPhase;
			buildActionMask = 2147483647;
			files = (
				53C3B22F2311A88100979BB3 /* Codable+Extension.swift in Sources */,
				5371D6122311A0E800BF57D3 /* MovieDetailViewController.swift in Sources */,
				53455E5C231261A200C73ED9 /* MovieInfoCell.swift in Sources */,
				53C3B2272311A4EA00979BB3 /* Secret.swift in Sources */,
				5371D6102311A0DC00BF57D3 /* MovieListViewController.swift in Sources */,
				53C3B2242311A3F800979BB3 /* NetworkManager.swift in Sources */,
				5371D5FC231195B500BF57D3 /* MainViewController.swift in Sources */,
				53C3B22C2311A67A00979BB3 /* MovieResponse.swift in Sources */,
				53C3B22A2311A66D00979BB3 /* MovieRequest.swift in Sources */,
				5371D5FA231195B500BF57D3 /* AppDelegate.swift in Sources */,
			);
			runOnlyForDeploymentPostprocessing = 0;
		};
/* End PBXSourcesBuildPhase section */

/* Begin PBXVariantGroup section */
		5371D5FD231195B500BF57D3 /* Main.storyboard */ = {
			isa = PBXVariantGroup;
			children = (
				5371D5FE231195B500BF57D3 /* Base */,
			);
			name = Main.storyboard;
			sourceTree = "<group>";
		};
		5371D602231195B700BF57D3 /* LaunchScreen.storyboard */ = {
			isa = PBXVariantGroup;
			children = (
				5371D603231195B700BF57D3 /* Base */,
			);
			name = LaunchScreen.storyboard;
			sourceTree = "<group>";
		};
/* End PBXVariantGroup section */

/* Begin XCBuildConfiguration section */
		5371D606231195B700BF57D3 /* Debug */ = {
			isa = XCBuildConfiguration;
			buildSettings = {
				ALWAYS_SEARCH_USER_PATHS = NO;
				CLANG_ANALYZER_NONNULL = YES;
				CLANG_ANALYZER_NUMBER_OBJECT_CONVERSION = YES_AGGRESSIVE;
				CLANG_CXX_LANGUAGE_STANDARD = "gnu++14";
				CLANG_CXX_LIBRARY = "libc++";
				CLANG_ENABLE_MODULES = YES;
				CLANG_ENABLE_OBJC_ARC = YES;
				CLANG_ENABLE_OBJC_WEAK = YES;
				CLANG_WARN_BLOCK_CAPTURE_AUTORELEASING = YES;
				CLANG_WARN_BOOL_CONVERSION = YES;
				CLANG_WARN_COMMA = YES;
				CLANG_WARN_CONSTANT_CONVERSION = YES;
				CLANG_WARN_DEPRECATED_OBJC_IMPLEMENTATIONS = YES;
				CLANG_WARN_DIRECT_OBJC_ISA_USAGE = YES_ERROR;
				CLANG_WARN_DOCUMENTATION_COMMENTS = YES;
				CLANG_WARN_EMPTY_BODY = YES;
				CLANG_WARN_ENUM_CONVERSION = YES;
				CLANG_WARN_INFINITE_RECURSION = YES;
				CLANG_WARN_INT_CONVERSION = YES;
				CLANG_WARN_NON_LITERAL_NULL_CONVERSION = YES;
				CLANG_WARN_OBJC_IMPLICIT_RETAIN_SELF = YES;
				CLANG_WARN_OBJC_LITERAL_CONVERSION = YES;
				CLANG_WARN_OBJC_ROOT_CLASS = YES_ERROR;
				CLANG_WARN_RANGE_LOOP_ANALYSIS = YES;
				CLANG_WARN_STRICT_PROTOTYPES = YES;
				CLANG_WARN_SUSPICIOUS_MOVE = YES;
				CLANG_WARN_UNGUARDED_AVAILABILITY = YES_AGGRESSIVE;
				CLANG_WARN_UNREACHABLE_CODE = YES;
				CLANG_WARN__DUPLICATE_METHOD_MATCH = YES;
				CODE_SIGN_IDENTITY = "iPhone Developer";
				COPY_PHASE_STRIP = NO;
				DEBUG_INFORMATION_FORMAT = dwarf;
				ENABLE_STRICT_OBJC_MSGSEND = YES;
				ENABLE_TESTABILITY = YES;
				GCC_C_LANGUAGE_STANDARD = gnu11;
				GCC_DYNAMIC_NO_PIC = NO;
				GCC_NO_COMMON_BLOCKS = YES;
				GCC_OPTIMIZATION_LEVEL = 0;
				GCC_PREPROCESSOR_DEFINITIONS = (
					"DEBUG=1",
					"$(inherited)",
				);
				GCC_WARN_64_TO_32_BIT_CONVERSION = YES;
				GCC_WARN_ABOUT_RETURN_TYPE = YES_ERROR;
				GCC_WARN_UNDECLARED_SELECTOR = YES;
				GCC_WARN_UNINITIALIZED_AUTOS = YES_AGGRESSIVE;
				GCC_WARN_UNUSED_FUNCTION = YES;
				GCC_WARN_UNUSED_VARIABLE = YES;
				IPHONEOS_DEPLOYMENT_TARGET = 12.4;
				MTL_ENABLE_DEBUG_INFO = INCLUDE_SOURCE;
				MTL_FAST_MATH = YES;
				ONLY_ACTIVE_ARCH = YES;
				SDKROOT = iphoneos;
				SWIFT_ACTIVE_COMPILATION_CONDITIONS = DEBUG;
				SWIFT_OPTIMIZATION_LEVEL = "-Onone";
			};
			name = Debug;
		};
		5371D607231195B700BF57D3 /* Release */ = {
			isa = XCBuildConfiguration;
			buildSettings = {
				ALWAYS_SEARCH_USER_PATHS = NO;
				CLANG_ANALYZER_NONNULL = YES;
				CLANG_ANALYZER_NUMBER_OBJECT_CONVERSION = YES_AGGRESSIVE;
				CLANG_CXX_LANGUAGE_STANDARD = "gnu++14";
				CLANG_CXX_LIBRARY = "libc++";
				CLANG_ENABLE_MODULES = YES;
				CLANG_ENABLE_OBJC_ARC = YES;
				CLANG_ENABLE_OBJC_WEAK = YES;
				CLANG_WARN_BLOCK_CAPTURE_AUTORELEASING = YES;
				CLANG_WARN_BOOL_CONVERSION = YES;
				CLANG_WARN_COMMA = YES;
				CLANG_WARN_CONSTANT_CONVERSION = YES;
				CLANG_WARN_DEPRECATED_OBJC_IMPLEMENTATIONS = YES;
				CLANG_WARN_DIRECT_OBJC_ISA_USAGE = YES_ERROR;
				CLANG_WARN_DOCUMENTATION_COMMENTS = YES;
				CLANG_WARN_EMPTY_BODY = YES;
				CLANG_WARN_ENUM_CONVERSION = YES;
				CLANG_WARN_INFINITE_RECURSION = YES;
				CLANG_WARN_INT_CONVERSION = YES;
				CLANG_WARN_NON_LITERAL_NULL_CONVERSION = YES;
				CLANG_WARN_OBJC_IMPLICIT_RETAIN_SELF = YES;
				CLANG_WARN_OBJC_LITERAL_CONVERSION = YES;
				CLANG_WARN_OBJC_ROOT_CLASS = YES_ERROR;
				CLANG_WARN_RANGE_LOOP_ANALYSIS = YES;
				CLANG_WARN_STRICT_PROTOTYPES = YES;
				CLANG_WARN_SUSPICIOUS_MOVE = YES;
				CLANG_WARN_UNGUARDED_AVAILABILITY = YES_AGGRESSIVE;
				CLANG_WARN_UNREACHABLE_CODE = YES;
				CLANG_WARN__DUPLICATE_METHOD_MATCH = YES;
				CODE_SIGN_IDENTITY = "iPhone Developer";
				COPY_PHASE_STRIP = NO;
				DEBUG_INFORMATION_FORMAT = "dwarf-with-dsym";
				ENABLE_NS_ASSERTIONS = NO;
				ENABLE_STRICT_OBJC_MSGSEND = YES;
				GCC_C_LANGUAGE_STANDARD = gnu11;
				GCC_NO_COMMON_BLOCKS = YES;
				GCC_WARN_64_TO_32_BIT_CONVERSION = YES;
				GCC_WARN_ABOUT_RETURN_TYPE = YES_ERROR;
				GCC_WARN_UNDECLARED_SELECTOR = YES;
				GCC_WARN_UNINITIALIZED_AUTOS = YES_AGGRESSIVE;
				GCC_WARN_UNUSED_FUNCTION = YES;
				GCC_WARN_UNUSED_VARIABLE = YES;
				IPHONEOS_DEPLOYMENT_TARGET = 12.4;
				MTL_ENABLE_DEBUG_INFO = NO;
				MTL_FAST_MATH = YES;
				SDKROOT = iphoneos;
				SWIFT_COMPILATION_MODE = wholemodule;
				SWIFT_OPTIMIZATION_LEVEL = "-O";
				VALIDATE_PRODUCT = YES;
			};
			name = Release;
		};
		5371D609231195B700BF57D3 /* Debug */ = {
			isa = XCBuildConfiguration;
			baseConfigurationReference = 4C044D25DA81FA60B809DE19 /* Pods-iOS_Assignment.debug.xcconfig */;
			buildSettings = {
				ASSETCATALOG_COMPILER_APPICON_NAME = AppIcon;
				CODE_SIGN_STYLE = Automatic;
				DEVELOPMENT_TEAM = 5KL368DK64;
				INFOPLIST_FILE = iOS_Assignment/Info.plist;
				LD_RUNPATH_SEARCH_PATHS = (
					"$(inherited)",
					"@executable_path/Frameworks",
				);
				PRODUCT_BUNDLE_IDENTIFIER = "org.prography.iOS-Assignment";
				PRODUCT_NAME = "$(TARGET_NAME)";
				SWIFT_VERSION = 5.0;
				TARGETED_DEVICE_FAMILY = "1,2";
			};
			name = Debug;
		};
		5371D60A231195B700BF57D3 /* Release */ = {
			isa = XCBuildConfiguration;
			baseConfigurationReference = 8E287ADF5EC6D92FD248C2B1 /* Pods-iOS_Assignment.release.xcconfig */;
			buildSettings = {
				ASSETCATALOG_COMPILER_APPICON_NAME = AppIcon;
				CODE_SIGN_STYLE = Automatic;
				DEVELOPMENT_TEAM = 5KL368DK64;
				INFOPLIST_FILE = iOS_Assignment/Info.plist;
				LD_RUNPATH_SEARCH_PATHS = (
					"$(inherited)",
					"@executable_path/Frameworks",
				);
				PRODUCT_BUNDLE_IDENTIFIER = "org.prography.iOS-Assignment";
				PRODUCT_NAME = "$(TARGET_NAME)";
				SWIFT_VERSION = 5.0;
				TARGETED_DEVICE_FAMILY = "1,2";
			};
			name = Release;
		};
/* End XCBuildConfiguration section */

/* Begin XCConfigurationList section */
		5371D5F1231195B500BF57D3 /* Build configuration list for PBXProject "iOS_Assignment" */ = {
			isa = XCConfigurationList;
			buildConfigurations = (
				5371D606231195B700BF57D3 /* Debug */,
				5371D607231195B700BF57D3 /* Release */,
			);
			defaultConfigurationIsVisible = 0;
			defaultConfigurationName = Release;
		};
		5371D608231195B700BF57D3 /* Build configuration list for PBXNativeTarget "iOS_Assignment" */ = {
			isa = XCConfigurationList;
			buildConfigurations = (
				5371D609231195B700BF57D3 /* Debug */,
				5371D60A231195B700BF57D3 /* Release */,
			);
			defaultConfigurationIsVisible = 0;
			defaultConfigurationName = Release;
		};
/* End XCConfigurationList section */
	};
	rootObject = 5371D5EE231195B500BF57D3 /* Project object */;
}
